{
    "_meta": {
        "hash": {
            "sha256": "834b7240e5dacf2baa9e7e1efe88a002d43ffc6bc499ca120f156eae461c1d22"
        },
        "pipfile-spec": 6,
        "requires": {
            "python_version": "3.6"
        },
        "sources": [
            {
                "name": "pypi",
                "url": "https://pypi.python.org/simple",
                "verify_ssl": true
            }
        ]
    },
    "default": {
        "babel": {
            "hashes": [
                "sha256:9d35c22fcc79893c3ecc85ac4a56cde1ecf3f19c540bba0922308a6c06ca6fa5",
                "sha256:da031ab54472314f210b0adcff1588ee5d1d1d0ba4dbd07b94dba82bde791e05"
            ],
            "version": "==2.9.0"
        },
        "certifi": {
            "hashes": [
                "sha256:1a4995114262bffbc2413b159f2a1a480c969de6e6eb13ee966d470af86af59c",
                "sha256:719a74fb9e33b9bd44cc7f3a8d94bc35e4049deebe19ba7d8e108280cfd59830"
            ],
            "version": "==2020.12.5"
        },
        "chardet": {
            "hashes": [
                "sha256:0d6f53a15db4120f2b08c94f11e7d93d2c911ee118b6b30a04ec3ee8310179fa",
                "sha256:f864054d66fd9118f2e67044ac8981a54775ec5b67aed0441892edb553d21da5"
            ],
            "version": "==4.0.0"
        },
        "cssselect2": {
            "hashes": [
                "sha256:2f4a9f20965367bae459e3bb42561f7927e0cfe5b7ea1692757cf67ef5d7dace",
                "sha256:93fbb9af860e95dd40bf18c3b2b6ed99189a07c0f29ba76f9c5be71344664ec8"
            ],
            "version": "==0.4.1"
        },
        "defusedxml": {
            "hashes": [
                "sha256:1bb3032db185915b62d7c6209c5a8792be6a32ab2fedacc84e01b52c51aa3e69",
                "sha256:a352e7e428770286cc899e2542b6cdaedb2b4953ff269a210103ec58f6198a61"
            ],
            "version": "==0.7.1"
        },
        "django": {
            "hashes": [
                "sha256:0eaca08f236bf502a9773e53623f766cc3ceee6453cc41e6de1c8b80f07d2364",
                "sha256:c9c994f5e0a032cbd45089798b52e4080f4dea7241c58e3e0636c54146480bb4"
            ],
            "index": "pypi",
            "version": "==2.2.18"
        },
        "django-admin-sortable2": {
            "hashes": [
                "sha256:caf158310cba75888d5e2494f0a7e52b9b43b90d22e12798023bbe8dae51243b"
            ],
            "index": "pypi",
            "version": "==0.7.6"
        },
        "django-allauth": {
            "hashes": [
                "sha256:7ab91485b80d231da191d5c7999ba93170ef1bf14ab6487d886598a1ad03e1d8"
            ],
            "index": "pypi",
            "version": "==0.41.0"
        },
        "django-angular": {
            "hashes": [
                "sha256:2522ce91df803a83fba4000557b677431e00c44d9615ec16d59a851032213b0a"
            ],
            "index": "pypi",
            "version": "==2.2.4"
        },
        "django-appconf": {
            "hashes": [
                "sha256:1b1d0e1069c843ebe8ae5aa48ec52403b1440402b320c3e3a206a0907e97bb06",
                "sha256:be58deb54a43d77d2e1621fe59f787681376d3cd0b8bd8e4758ef6c3a6453380"
            ],
            "version": "==1.0.4"
        },
        "django-classy-tags": {
            "hashes": [
                "sha256:25eb4f95afee396148683bfb4811b83b3f5729218d73ad0a3399271a6f9fcc49",
                "sha256:d59d98bdf96a764dcf7a2929a86439d023b283a9152492811c7e44fc47555bc9"
            ],
            "version": "==2.0.0"
        },
        "django-cms": {
            "hashes": [
                "sha256:1d33325b630828e0246a0354c504f7137c5bb194a2c34ea7cfaeafe2bec71cc3",
                "sha256:54c51bd1c4422f66712e931adfcfa6e62347e7e22e6e209aaa84290cc43a2bd7"
            ],
            "version": "==3.8.0"
        },
        "django-entangled": {
            "hashes": [
                "sha256:d53745809906103247dfdb24e5918c30a81de5c33f03e56f98abfb3c924586cd"
            ],
            "version": "==0.4"
        },
        "django-filer": {
            "hashes": [
                "sha256:3da256ab69edc0daed0ccc9a7de37d0548b16037d57684b5524ec34cf3e203fe"
            ],
            "index": "pypi",
            "version": "==1.7.0"
        },
        "django-filter": {
            "hashes": [
                "sha256:558c727bce3ffa89c4a7a0b13bc8976745d63e5fd576b3a9a851650ef11c401b",
                "sha256:c3deb57f0dd7ff94d7dce52a047516822013e2b441bed472b722a317658cfd14"
            ],
            "index": "pypi",
            "version": "==2.2.0"
        },
        "django-formtools": {
            "hashes": [
                "sha256:304fa777b8ef9e0693ce7833f885cb89ba46b0e46fc23b01176900a93f46742f",
                "sha256:c5272c03c1cd51b2375abf7397a199a3148a9fbbf2f100e186467a84025d13b2"
            ],
            "version": "==2.2"
        },
        "django-fsm": {
            "hashes": [
                "sha256:9f42111814a273cdfd79cdf839f3596bc48b9cfe5fe5102293f07ade5b0048d5",
                "sha256:d5b0ca13965261f4fffad350fadd388dcfd9b6712399a84021073a40b161fbd7"
            ],
            "index": "pypi",
            "version": "==2.7.0"
        },
        "django-fsm-admin": {
            "hashes": [
                "sha256:b10a75688bbd3714aef97db03121218b9a5963436c7805e1524bbd48a0e6c0a4"
            ],
            "index": "pypi",
            "version": "==1.2.4"
        },
        "django-haystack": {
            "hashes": [
                "sha256:8b54bcc926596765d0a3383d693bcdd76109c7abb6b2323b3984a39e3576028c"
            ],
            "index": "pypi",
            "version": "==2.8.1"
        },
        "django-ipware": {
            "hashes": [
                "sha256:a7c7a8fd019dbdc9c357e6e582f65034e897572fc79a7e467674efa8aef9d00b"
            ],
            "index": "pypi",
            "version": "==2.1.0"
        },
        "django-js-asset": {
            "hashes": [
                "sha256:8ec12017f26eec524cab436c64ae73033368a372970af4cf42d9354fcb166bdd",
                "sha256:c163ae80d2e0b22d8fb598047cd0dcef31f81830e127cfecae278ad574167260"
            ],
            "version": "==1.2.2"
        },
        "django-mptt": {
            "hashes": [
                "sha256:63b421a054bceb7406582e2be876a80b3848a5106765baea1003696348ffd628",
                "sha256:8ae6c3821127b529bb2f938de27bf0771b1bcbe9dbccdfba33986af78611f13a"
            ],
            "version": "==0.12.0"
        },
        "django-parler": {
            "hashes": [
                "sha256:0e7e10d8f26bcdc25107e893651f073fb4cf1f382c5a994a48559b22f44b471e",
                "sha256:f633522c06727852978cf2f92c94a98d900dff47235412e64ed46d63e68b1f09"
            ],
            "index": "pypi",
            "version": "==2.0.1"
        },
        "django-parler-rest": {
            "hashes": [
                "sha256:6f65d583289a1dacffc0694ca12b667c9ad5e3f027bbf5e9285c9d3dd449007b"
            ],
            "index": "pypi",
            "version": "==2.1"
        },
        "django-phonenumber-field": {
            "hashes": [
                "sha256:2ca3bb0ada0ebc164bd903a981a34f1202a4294006e520b0da961bd7ce9f20a4",
                "sha256:d4580cc3352f4433962825f9927e6669852c1b40ec484fcb5a74064dabc1201a"
            ],
            "index": "pypi",
            "version": "==4.0.0"
        },
        "django-polymorphic": {
            "hashes": [
                "sha256:0a25058e95e5e99fe0beeabb8f4734effe242d7b5b77dca416fba9fd3062da6a",
                "sha256:6e08a76c91066635ccb7ef3ebbe9a0ad149febae6b30be2579716ec16d3c6461"
            ],
            "index": "pypi",
            "version": "==2.1.2"
        },
        "django-post-office": {
            "hashes": [
                "sha256:a93ab4c65d5dbf3118a6c0f95d6e833dded1ed44ca5bec7053f01d5bac468a9f"
            ],
            "index": "pypi",
            "version": "==3.4.0"
        },
        "django-rest-auth": {
            "hashes": [
                "sha256:f11e12175dafeed772f50d740d22caeab27e99a3caca24ec65e66a8d6de16571"
            ],
            "index": "pypi",
            "version": "==0.9.5"
        },
        "django-sass-processor": {
            "hashes": [
                "sha256:e039551994feaaba6fcf880412b25a772dd313162a34cbb4289814988cfae340"
            ],
            "index": "pypi",
            "version": "==0.8"
        },
        "django-sekizai": {
            "hashes": [
                "sha256:5c5e16845d37ce822fc655ce79ec02715191b3d03330b550997bcb842cf24fdf",
                "sha256:e829f09b0d6bf01ee5cde05de1fb3faf2fbc5df66dc4dc280fbaac224ca4336f"
            ],
            "version": "==2.0.0"
        },
        "django-select2": {
            "hashes": [
                "sha256:1482be84449c254ec944c4da0a236b00ec57445304377b783850fd95b269d1ad",
                "sha256:b4cd3e8c42bdbdc582c38c03a23bc115a90c2f86563282329d37c567d8c34c36"
            ],
            "index": "pypi",
            "version": "==7.2.3"
        },
        "django-shop": {
            "hashes": [
                "sha256:fe3a0d37233a7dfc6363bd07e543fb2e7e727078c8a98421b092336c77a5f733"
            ],
            "index": "pypi",
            "version": "==1.1.3"
        },
        "django-treebeard": {
            "hashes": [
                "sha256:7c2b1cdb1e9b46d595825186064a1228bc4d00dbbc186db5b0b9412357fba91c",
                "sha256:80150017725239702054e5fa64dc66e383dc13ac262c8d47ee5a82cb005969da"
            ],
            "version": "==4.5.1"
        },
        "djangocms-admin-style": {
            "hashes": [
                "sha256:4381b259b62340127654a51a1eb83af2c9a42b608a36393c731c04712cd37068",
                "sha256:6661a6c36ce56d18ec8fad05a3e56589417fc0bd0c647eb6d336e7f836999723"
            ],
            "version": "==2.0.2"
        },
        "djangocms-bootstrap": {
            "hashes": [
                "sha256:60e0802111df17298933104fdc73fc7bb74924e435d5c025b3a12a29a10e6761"
            ],
            "index": "pypi",
            "version": "==1.1.2"
        },
        "djangocms-cascade": {
            "hashes": [
                "sha256:5fb0e6519d36577469bbbd6645c41220db0abade147fe6e0dc530c02b845755a"
            ],
            "index": "pypi",
            "version": "==1.2.3"
        },
        "djangocms-text-ckeditor": {
            "hashes": [
                "sha256:3af9ffecd1ecce3b632bc9121385aaa6183c1afcd9e668439c3990d3bd1e1771",
                "sha256:fdae918b267baec66811bdd9cd49d961016449d2e6d148823586b99dc595e072"
            ],
            "version": "==4.0.0"
        },
        "djangorestframework": {
            "hashes": [
                "sha256:5488aed8f8df5ec1d70f04b2114abc52ae6729748a176c453313834a9ee179c8",
                "sha256:dc81cbf9775c6898a580f6f1f387c4777d12bd87abf0f5406018d32ccae71090"
            ],
            "index": "pypi",
            "version": "==3.10.3"
        },
        "djangoshop-sendcloud": {
            "hashes": [
                "sha256:7b8e40fca84c7ac2c74b4ced1b55d5d0d3f95d7c14afc493280228a8761e9eea"
            ],
            "index": "pypi",
            "version": "==1.0.1"
        },
        "djangoshop-stripe": {
            "hashes": [
                "sha256:decf36e8d1a421897a645dc0222000e5d3f927c98a30bd3773714812db141d89"
            ],
            "index": "pypi",
            "version": "==1.0"
        },
        "drf-haystack": {
            "hashes": [
                "sha256:8a51938ff66301b5a25349b3b2cb745d5c20144887301e319466c980a8995bd7",
                "sha256:fdc7a10563d3c770c9ce9727385df0058166d6e3310c1d64de8d9b8d8db78e76"
            ],
            "index": "pypi",
            "version": "==1.8.6"
        },
        "easy-thumbnails": {
            "hashes": [
                "sha256:a0bca40773aad6e84449a552410e82a6787433583321ea63bcbbe3d71a0c9c51"
            ],
            "version": "==2.8rc0"
        },
        "elasticsearch": {
            "hashes": [
                "sha256:2602e4bf21d501fd04dc062a71ff1950c96a57ea4dec97b8a4f625f53bb5ae12",
                "sha256:8488d6c0316ed7561ece88397302c37231c61a402227494cab31a91959851f12"
            ],
            "index": "pypi",
            "version": "==1.7.0"
        },
        "html5lib": {
            "hashes": [
                "sha256:0d78f8fde1c230e99fe37986a60526d7049ed4bf8a9fadbad5f00e22e58e041d",
                "sha256:b2e5b40261e20f354d198eae92afc10d750afb487ed5e50f9c4eaf07c184146f"
            ],
            "version": "==1.1"
        },
        "idna": {
            "hashes": [
                "sha256:b307872f855b18632ce0c21c5e45be78c0ea7ae4c15c828c20788b26921eb3f6",
                "sha256:b97d804b1e9b523befed77c48dacec60e6dcb0b5391d57af6a65a312a90648c0"
            ],
            "version": "==2.10"
        },
        "jsonfield": {
            "hashes": [
                "sha256:7e4e84597de21eeaeeaaa7cc5da08c61c48a9b64d0c446b2d71255d01812887a",
                "sha256:df857811587f252b97bafba42e02805e70a398a7a47870bc6358a0308dd689ed"
            ],
            "version": "==3.1.0"
        },
        "libsass": {
            "hashes": [
                "sha256:003a65b4facb4c5dbace53fb0f70f61c5aae056a04b4d112a198c3c9674b31f2",
                "sha256:0fb4399f7bbecab7b181f2c2d82c3a0ba2916bf9169714b96e425355a5b23b9f",
                "sha256:0fd8b4337b3b101c6e6afda9112cc0dc4bacb9133b59d75d65968c7317aa3272",
                "sha256:338e9ae066bf1fde874e335324d5355c52d2081d978b4f74fc59536564b35b08",
                "sha256:4dcfd561fb100250b89496e1362b96f2cc804f689a59731eb0f94f9a9e144f4a",
                "sha256:50778d4be269a021ba2bf42b5b8f6ff3704ab96a82175a052680bddf3ba7cc9f",
                "sha256:53f87116e7441827878bd79bbad8debac23e1930423f61ab8d837ec4a4c36e0c",
                "sha256:6a51393d75f6e3c812785b0fa0b7d67c54258c28011921f204643b55f7355ec0",
                "sha256:74acd9adf506142699dfa292f0e569fdccbd9e7cf619e8226f7117de73566e32",
                "sha256:81a013a4c2a614927fd1ef7a386eddabbba695cbb02defe8f31cf495106e974c",
                "sha256:845a9573b25c141164972d498855f4ad29367c09e6d76fad12955ad0e1c83013",
                "sha256:8b5b6d1a7c4ea1d954e0982b04474cc076286493f6af2d0a13c2e950fbe0be95",
                "sha256:9b59afa0d755089c4165516400a39a289b796b5612eeef5736ab7a1ebf96a67c",
                "sha256:a7e685466448c9b1bf98243339793978f654a1151eb5c975f09b83c7a226f4c1",
                "sha256:c93df526eeef90b1ea4799c1d33b6cd5aea3e9f4633738fb95c1287c13e6b404",
                "sha256:e318f06f06847ff49b1f8d086ac9ebce1e63404f7ea329adab92f4f16ba0e00e",
                "sha256:fc5f8336750f76f1bfae82f7e9e89ae71438d26fc4597e3ab4c05ca8fcd41d8a",
                "sha256:fcb7ab4dc81889e5fc99cafbc2017bc76996f9992fc6b175f7a80edac61d71df"
            ],
            "index": "pypi",
            "version": "==0.19.4"
        },
        "lxml": {
            "hashes": [
                "sha256:0448576c148c129594d890265b1a83b9cd76fd1f0a6a04620753d9a6bcfd0a4d",
                "sha256:127f76864468d6630e1b453d3ffbbd04b024c674f55cf0a30dc2595137892d37",
                "sha256:1471cee35eba321827d7d53d104e7b8c593ea3ad376aa2df89533ce8e1b24a01",
                "sha256:2363c35637d2d9d6f26f60a208819e7eafc4305ce39dc1d5005eccc4593331c2",
                "sha256:2e5cc908fe43fe1aa299e58046ad66981131a66aea3129aac7770c37f590a644",
                "sha256:2e6fd1b8acd005bd71e6c94f30c055594bbd0aa02ef51a22bbfa961ab63b2d75",
                "sha256:366cb750140f221523fa062d641393092813b81e15d0e25d9f7c6025f910ee80",
                "sha256:42ebca24ba2a21065fb546f3e6bd0c58c3fe9ac298f3a320147029a4850f51a2",
                "sha256:4e751e77006da34643ab782e4a5cc21ea7b755551db202bc4d3a423b307db780",
                "sha256:4fb85c447e288df535b17ebdebf0ec1cf3a3f1a8eba7e79169f4f37af43c6b98",
                "sha256:50c348995b47b5a4e330362cf39fc503b4a43b14a91c34c83b955e1805c8e308",
                "sha256:535332fe9d00c3cd455bd3dd7d4bacab86e2d564bdf7606079160fa6251caacf",
                "sha256:535f067002b0fd1a4e5296a8f1bf88193080ff992a195e66964ef2a6cfec5388",
                "sha256:5be4a2e212bb6aa045e37f7d48e3e1e4b6fd259882ed5a00786f82e8c37ce77d",
                "sha256:60a20bfc3bd234d54d49c388950195d23a5583d4108e1a1d47c9eef8d8c042b3",
                "sha256:648914abafe67f11be7d93c1a546068f8eff3c5fa938e1f94509e4a5d682b2d8",
                "sha256:681d75e1a38a69f1e64ab82fe4b1ed3fd758717bed735fb9aeaa124143f051af",
                "sha256:68a5d77e440df94011214b7db907ec8f19e439507a70c958f750c18d88f995d2",
                "sha256:69a63f83e88138ab7642d8f61418cf3180a4d8cd13995df87725cb8b893e950e",
                "sha256:6e4183800f16f3679076dfa8abf2db3083919d7e30764a069fb66b2b9eff9939",
                "sha256:6fd8d5903c2e53f49e99359b063df27fdf7acb89a52b6a12494208bf61345a03",
                "sha256:791394449e98243839fa822a637177dd42a95f4883ad3dec2a0ce6ac99fb0a9d",
                "sha256:7a7669ff50f41225ca5d6ee0a1ec8413f3a0d8aa2b109f86d540887b7ec0d72a",
                "sha256:7e9eac1e526386df7c70ef253b792a0a12dd86d833b1d329e038c7a235dfceb5",
                "sha256:7ee8af0b9f7de635c61cdd5b8534b76c52cd03536f29f51151b377f76e214a1a",
                "sha256:8246f30ca34dc712ab07e51dc34fea883c00b7ccb0e614651e49da2c49a30711",
                "sha256:8c88b599e226994ad4db29d93bc149aa1aff3dc3a4355dd5757569ba78632bdf",
                "sha256:923963e989ffbceaa210ac37afc9b906acebe945d2723e9679b643513837b089",
                "sha256:94d55bd03d8671686e3f012577d9caa5421a07286dd351dfef64791cf7c6c505",
                "sha256:97db258793d193c7b62d4e2586c6ed98d51086e93f9a3af2b2034af01450a74b",
                "sha256:a9d6bc8642e2c67db33f1247a77c53476f3a166e09067c0474facb045756087f",
                "sha256:cd11c7e8d21af997ee8079037fff88f16fda188a9776eb4b81c7e4c9c0a7d7fc",
                "sha256:d8d3d4713f0c28bdc6c806a278d998546e8efc3498949e3ace6e117462ac0a5e",
                "sha256:e0bfe9bb028974a481410432dbe1b182e8191d5d40382e5b8ff39cdd2e5c5931",
                "sha256:f4822c0660c3754f1a41a655e37cb4dbbc9be3d35b125a37fab6f82d47674ebc",
                "sha256:f83d281bb2a6217cd806f4cf0ddded436790e66f393e124dfe9731f6b3fb9afe",
                "sha256:fc37870d6716b137e80d19241d0e2cff7a7643b925dfa49b4c8ebd1295eb506e"
            ],
            "version": "==4.6.2"
        },
        "oauthlib": {
            "hashes": [
                "sha256:bee41cc35fcca6e988463cacc3bcb8a96224f470ca547e697b604cc697b2f889",
                "sha256:df884cd6cbe20e32633f1db1072e9356f53638e4361bef4e8b03c9127c9328ea"
            ],
            "version": "==3.1.0"
        },
        "phonenumbers": {
            "hashes": [
                "sha256:61adadab01adaac571b04ddbe50f981c488ef00cfd51eef7e040ef4765871b00",
                "sha256:eedbace07295109ce98b13b9bd1ac22dd43c1e90a3f0854c557c2298493fc731"
            ],
            "index": "pypi",
            "version": "==8.12.2"
        },
        "pillow": {
            "hashes": [
                "sha256:15306d71a1e96d7e271fd2a0737038b5a92ca2978d2e38b6ced7966583e3d5af",
                "sha256:1940fc4d361f9cc7e558d6f56ff38d7351b53052fd7911f4b60cd7bc091ea3b1",
                "sha256:1f93f2fe211f1ef75e6f589327f4d4f8545d5c8e826231b042b483d8383e8a7c",
                "sha256:30d33a1a6400132e6f521640dd3f64578ac9bfb79a619416d7e8802b4ce1dd55",
                "sha256:328240f7dddf77783e72d5ed79899a6b48bc6681f8d1f6001f55933cb4905060",
                "sha256:46c2bcf8e1e75d154e78417b3e3c64e96def738c2a25435e74909e127a8cba5e",
                "sha256:5762ebb4436f46b566fc6351d67a9b5386b5e5de4e58fdaa18a1c83e0e20f1a8",
                "sha256:5a2d957eb4aba9d48170b8fe6538ec1fbc2119ffe6373782c03d8acad3323f2e",
                "sha256:5cf03b9534aca63b192856aa601c68d0764810857786ea5da652581f3a44c2b0",
                "sha256:5daba2b40782c1c5157a788ec4454067c6616f5a0c1b70e26ac326a880c2d328",
                "sha256:63cd413ac52ee3f67057223d363f4f82ce966e64906aea046daf46695e3c8238",
                "sha256:6efac40344d8f668b6c4533ae02a48d52fd852ef0654cc6f19f6ac146399c733",
                "sha256:71b01ee69e7df527439d7752a2ce8fb89e19a32df484a308eca3e81f673d3a03",
                "sha256:71f31ee4df3d5e0b366dd362007740106d3210fb6a56ec4b581a5324ba254f06",
                "sha256:72027ebf682abc9bafd93b43edc44279f641e8996fb2945104471419113cfc71",
                "sha256:74cd9aa648ed6dd25e572453eb09b08817a1e3d9f8d1bd4d8403d99e42ea790b",
                "sha256:81b3716cc9744ffdf76b39afb6247eae754186838cedad0b0ac63b2571253fe6",
                "sha256:8565355a29655b28fdc2c666fd9a3890fe5edc6639d128814fafecfae2d70910",
                "sha256:87f42c976f91ca2fc21a3293e25bd3cd895918597db1b95b93cbd949f7d019ce",
                "sha256:89e4c757a91b8c55d97c91fa09c69b3677c227b942fa749e9a66eef602f59c28",
                "sha256:8c4e32218c764bc27fe49b7328195579581aa419920edcc321c4cb877c65258d",
                "sha256:903293320efe2466c1ab3509a33d6b866dc850cfd0c5d9cc92632014cec185fb",
                "sha256:90882c6f084ef68b71bba190209a734bf90abb82ab5e8f64444c71d5974008c6",
                "sha256:98afcac3205d31ab6a10c5006b0cf040d0026a68ec051edd3517b776c1d78b09",
                "sha256:a01da2c266d9868c4f91a9c6faf47a251f23b9a862dce81d2ff583135206f5be",
                "sha256:aeab4cd016e11e7aa5cfc49dcff8e51561fa64818a0be86efa82c7038e9369d0",
                "sha256:b07c660e014852d98a00a91adfbe25033898a9d90a8f39beb2437d22a203fc44",
                "sha256:bead24c0ae3f1f6afcb915a057943ccf65fc755d11a1410a909c1fefb6c06ad1",
                "sha256:d1d6bca39bb6dd94fba23cdb3eeaea5e30c7717c5343004d900e2a63b132c341",
                "sha256:e2cd8ac157c1e5ae88b6dd790648ee5d2777e76f1e5c7d184eaddb2938594f34",
                "sha256:e5739ae63636a52b706a0facec77b2b58e485637e1638202556156e424a02dc2",
                "sha256:f36c3ff63d6fc509ce599a2f5b0d0732189eed653420e7294c039d342c6e204a",
                "sha256:f91b50ad88048d795c0ad004abbe1390aa1882073b1dca10bfd55d0b8cf18ec5"
            ],
            "version": "==8.1.2"
        },
        "python-dateutil": {
            "hashes": [
                "sha256:73ebfe9dbf22e832286dafa60473e4cd239f8592f699aa5adaf10050e6e1823c",
                "sha256:75bb3f31ea686f1197762692a9ee6a7550b59fc6ca3a1f4b5d7e32fb98e2da2a"
            ],
            "version": "==2.8.1"
        },
        "python3-openid": {
            "hashes": [
                "sha256:33fbf6928f401e0b790151ed2b5290b02545e8775f982485205a066f874aaeaf",
                "sha256:6626f771e0417486701e0b4daff762e7212e820ca5b29fcc0d05f6f8736dfa6b"
            ],
            "version": "==3.2.0"
        },
        "pytz": {
            "hashes": [
                "sha256:83a4a90894bf38e243cf052c8b58f381bfe9a7a483f6a9cab140bc7f702ac4da",
                "sha256:eb10ce3e7736052ed3623d49975ce333bcd712c7bb19a58b9e2089d4057d0798"
            ],
            "version": "==2021.1"
        },
        "reportlab": {
            "hashes": [
                "sha256:07f9d9c0360cb8fc780ca05264faa68b90583cd28dbdf2cda6bda34379b6e66c",
                "sha256:27a831da0d17153e33c985bd7a88307e206c5a28778cddb755d5372598d12637",
                "sha256:289539f7888239343ef7ebcd30c55e6204ef78d5f70e1547fdeb854a2da8bfa1",
                "sha256:3ec70873d99c14570e2a9c44b86c8c01526871e7af5ee4b2855246db15cb0c9f",
                "sha256:46745826657d35f86843487f4bc6f6f805f61260428f8ee13642bf6372f9df55",
                "sha256:4a784ecdf3008f533e5a032b96c395e8592ed5e679baaf5ef4dcc136b01c72e9",
                "sha256:4c42e85851f969e21fa4d6414587b7544e877ce685e2495d7d422589c70b6281",
                "sha256:58bec163f727c1c60515fc4704a961b3b4ccf2c76b4e6ec1a457ea7ed0c2d756",
                "sha256:6f007142f2b166f52cbb3e5d23319e3e496c429831e53b904e6db28c3370f279",
                "sha256:81898de0a0be2c8318468ae0ae1590f828805e9b7fd68e5a50667dce8b942171",
                "sha256:8707cc21a769150154bf4634dca6e9581ae24a05f0fb81a84fcc1143b1cbbfde",
                "sha256:99aeee49a61c85f1af1087e9e418f3d0c2352c4dd0f0abbfac17ae6c467185aa",
                "sha256:9ec95808b742ce70c1dab28b2c5bef9093816b92315b948419c2c6968658f9cc",
                "sha256:b2c7eedb4d19db63301c27ad1076086a099fd4c8ca0a6f62f6e9ed749fa5908f",
                "sha256:b2cf692ae7af995b499a31a3f58f2001d98e310e03f74812bcb97a08078239c0",
                "sha256:b9494986f35d82350b0ce0c29704a49a3945421b789dff92e93fbd3de554fa34",
                "sha256:ba2d10f368c9ea1e76c84b3bb6b9982eb5a8f243c434e821c505b75ca8d85852",
                "sha256:bc62187181582772688d65c557ad6a40a4c3bb8d1f74de463d35ea81983e9b75",
                "sha256:bdf751289efee4891f4f354ce9122da8de8258a40f328b3f11540c4888363337",
                "sha256:c12432575c793b8cd8552fddc219bbf2813541c64d02854ae345a108fb875b9d",
                "sha256:cdf8ff72cd6fa9303744c8409fb81ef7720da2e034c369762c2fdf496462179e",
                "sha256:d810bffd4bcd50fdcb2bab0d1fe9ea4e6187ed5237687e41c6ade6c884b00c1e",
                "sha256:d8fefd07072bfae2715283a821fb1acf8fc4946cf925509d5cc2af791c611809",
                "sha256:d92834993bf998853a04946729266a3276965e7b13f7423212f1c1abdfc4a1c7",
                "sha256:ee711804acdaf3ea7f0f2cd27f19478af993e730df8c8d923a678eb0e2572fba",
                "sha256:f0634740b099b69caed081acd89692996b5504c59f86f39781b6bebc82b267f5",
                "sha256:f92388e30bf6b5d2eceb3d7b05ee2df856635f74ce7d950a8f45d2b70c685a5b",
                "sha256:fd6712a8a6dca12181a3a12316f97810927861e77f2a98029efd2c5cfc8546dc",
                "sha256:fe5d98cdac07dd702bcd49f5723aacdd0af8c84d70fc82a5cc3781e52aedad52"
            ],
            "version": "==3.5.65"
        },
        "requests": {
            "hashes": [
                "sha256:27973dd4a904a4f13b263a19c866c13b92a39ed1c964655f025f3f8d3d75b804",
                "sha256:c210084e36a42ae6b9219e00e48287def368a26d03a048ddad7bfee44f75871e"
            ],
            "version": "==2.25.1"
        },
        "requests-oauthlib": {
            "hashes": [
                "sha256:7f71572defaecd16372f9006f33c2ec8c077c3cfa6f5911a9a90202beb513f3d",
                "sha256:b4261601a71fd721a8bd6d7aa1cc1d6a8a93b4a9f5e96626f8e4d91e8beeaa6a"
            ],
            "version": "==1.3.0"
        },
        "six": {
            "hashes": [
                "sha256:30639c035cdb23534cd4aa2dd52c3bf48f06e5f4a941509c8bafd8ce11080259",
                "sha256:8b74bedcbbbaca38ff6d7491d76f2b06b3592611af620f8426e82dddb04a5ced"
            ],
            "version": "==1.15.0"
        },
        "sqlparse": {
            "hashes": [
                "sha256:017cde379adbd6a1f15a61873f43e8274179378e95ef3fede90b5aa64d304ed0",
                "sha256:0f91fd2e829c44362cbcfab3e9ae12e22badaa8a29ad5ff599f9ec109f0454e8"
            ],
            "version": "==0.4.1"
        },
        "stripe": {
            "hashes": [
                "sha256:8d3e9d6c23193972b5f1888abc183a8af3084c9b4de840f6e0ff1165116c5596",
                "sha256:a2a15b7a094fd4a72f68c502be5e0cea76aaa2d3f7af4bc95a34941355addd33",
                "sha256:f007a42092689ce1d59dcc72b5eb6dedbed8c07b8826924f5e33a7dd14eb99e1"
            ],
            "index": "pypi",
            "version": "==1.53.0"
        },
        "svglib": {
            "hashes": [
                "sha256:ff01593e8c07ea462d3742e1f4141bfa261cbd4400ceb25dfb8fec3508ad0e50"
            ],
            "version": "==1.0.1"
        },
        "tinycss2": {
            "hashes": [
                "sha256:0353b5234bcaee7b1ac7ca3dea7e02cd338a9f8dcbb8f2dcd32a5795ec1e5f9a",
                "sha256:fbdcac3044d60eb85fdb2aa840ece43cf7dbe798e373e6ee0be545d4d134e18a"
            ],
            "version": "==1.1.0"
        },
        "unidecode": {
            "hashes": [
                "sha256:4c9d15d2f73eb0d2649a151c566901f80a030da1ccb0a2043352e1dbf647586b",
                "sha256:a039f89014245e0cad8858976293e23501accc9ff5a7bdbc739a14a2b7b85cdc"
            ],
            "version": "==1.1.2"
        },
        "urllib3": {
            "hashes": [
                "sha256:2f4da4594db7e1e110a944bb1b551fdf4e6c136ad42e4234131391e21eb5b0df",
                "sha256:e7b021f7241115872f92f43c6508082facffbd1c048e3c6e2bb9c2a157e28937"
            ],
            "version": "==1.26.4"
        },
        "webencodings": {
            "hashes": [
                "sha256:a0af1213f3c2226497a97e2b3aa01a7e4bee4f403f95be16fc9acd2947514a78",
                "sha256:b36a1c245f2d304965eb4e0a82848379241dc04b865afcc4aab16748587e1923"
            ],
            "version": "==0.5.1"
        }
    },
    "develop": {
        "appdirs": {
            "hashes": [
                "sha256:7d5d0167b2b1ba821647616af46a749d1c653740dd0d2415100fe26e27afdf41",
                "sha256:a841dacd6b99318a741b166adb07e19ee71a274450e68237b4650ca1055ab128"
            ],
            "version": "==1.4.4"
        },
        "attrs": {
            "hashes": [
                "sha256:31b2eced602aa8423c2aea9c76a724617ed67cf9513173fd3a4f03e3a929c7e6",
                "sha256:832aa3cde19744e49938b91fea06d69ecb9e649c93ba974535d08ad92164f700"
            ],
            "version": "==20.3.0"
        },
        "beautifulsoup4": {
            "hashes": [
                "sha256:594ca51a10d2b3443cbac41214e12dbb2a1cd57e1a7344659849e2e20ba6a8d8",
                "sha256:a4bbe77fd30670455c5296242967a123ec28c37e9702a8a81bd2f20a4baf0368",
                "sha256:d4e96ac9b0c3a6d3f0caae2e4124e6055c5dcafde8e2f831ff194c104f0775a0"
            ],
            "index": "pypi",
            "version": "==4.9.0"
        },
        "distlib": {
            "hashes": [
                "sha256:8c09de2c67b3e7deef7184574fc060ab8a793e7adbb183d942c389c8b13c52fb",
                "sha256:edf6116872c863e1aa9d5bb7cb5e05a022c519a4594dc703843343a9ddd9bff1"
            ],
            "version": "==0.3.1"
        },
        "factory-boy": {
            "hashes": [
                "sha256:728df59b372c9588b83153facf26d3d28947fc750e8e3c95cefa9bed0e6394ee",
                "sha256:faf48d608a1735f0d0a3c9cbf536d64f9132b547dae7ba452c4d99a79e84a370"
            ],
            "index": "pypi",
            "version": "==2.12.0"
        },
        "faker": {
            "hashes": [
                "sha256:60a7263104ef7a14ecfe2af1142d53924aa534ccec85cea82bb67b2b32f84421",
                "sha256:f43ac743c34affb1c7fccca8b06450371cd482b6ddcb4110e420acb24356e70b"
            ],
            "version": "==6.6.2"
        },
        "filelock": {
            "hashes": [
                "sha256:18d82244ee114f543149c66a6e0c14e9c4f8a1044b5cdaadd0f82159d6a6ff59",
                "sha256:929b7d63ec5b7d6b71b0fa5ac14e030b3f70b75747cef1b10da9b879fef15836"
            ],
            "version": "==3.0.12"
        },
        "importlib-metadata": {
            "hashes": [
                "sha256:90bb658cdbbf6d1735b6341ce708fc7024a3e14e99ffdc5783edea9f9b077f83",
                "sha256:dc15b2969b4ce36305c51eebe62d418ac7791e9a157911d58bfb1f9ccd8e2070"
            ],
            "markers": "python_version < '3.8'",
            "version": "==1.7.0"
        },
        "importlib-resources": {
            "hashes": [
                "sha256:642586fc4740bd1cad7690f836b3321309402b20b332529f25617ff18e8e1370",
                "sha256:ebab3efe74d83b04d6bf5cd9a17f0c5c93e60fb60f30c90f56265fce4682a469"
            ],
            "markers": "python_version < '3.7'",
            "version": "==5.1.2"
        },
        "inflection": {
            "hashes": [
                "sha256:1a29730d366e996aaacffb2f1f1cb9593dc38e2ddd30c91250c6dde09ea9b417",
                "sha256:f38b2b640938a4f35ade69ac3d053042959b62a0f1076a5bbaa1b9526605a8a2"
            ],
            "version": "==0.5.1"
        },
        "lxml": {
            "hashes": [
                "sha256:0448576c148c129594d890265b1a83b9cd76fd1f0a6a04620753d9a6bcfd0a4d",
                "sha256:127f76864468d6630e1b453d3ffbbd04b024c674f55cf0a30dc2595137892d37",
                "sha256:1471cee35eba321827d7d53d104e7b8c593ea3ad376aa2df89533ce8e1b24a01",
                "sha256:2363c35637d2d9d6f26f60a208819e7eafc4305ce39dc1d5005eccc4593331c2",
                "sha256:2e5cc908fe43fe1aa299e58046ad66981131a66aea3129aac7770c37f590a644",
                "sha256:2e6fd1b8acd005bd71e6c94f30c055594bbd0aa02ef51a22bbfa961ab63b2d75",
                "sha256:366cb750140f221523fa062d641393092813b81e15d0e25d9f7c6025f910ee80",
                "sha256:42ebca24ba2a21065fb546f3e6bd0c58c3fe9ac298f3a320147029a4850f51a2",
                "sha256:4e751e77006da34643ab782e4a5cc21ea7b755551db202bc4d3a423b307db780",
                "sha256:4fb85c447e288df535b17ebdebf0ec1cf3a3f1a8eba7e79169f4f37af43c6b98",
                "sha256:50c348995b47b5a4e330362cf39fc503b4a43b14a91c34c83b955e1805c8e308",
                "sha256:535332fe9d00c3cd455bd3dd7d4bacab86e2d564bdf7606079160fa6251caacf",
                "sha256:535f067002b0fd1a4e5296a8f1bf88193080ff992a195e66964ef2a6cfec5388",
                "sha256:5be4a2e212bb6aa045e37f7d48e3e1e4b6fd259882ed5a00786f82e8c37ce77d",
                "sha256:60a20bfc3bd234d54d49c388950195d23a5583d4108e1a1d47c9eef8d8c042b3",
                "sha256:648914abafe67f11be7d93c1a546068f8eff3c5fa938e1f94509e4a5d682b2d8",
                "sha256:681d75e1a38a69f1e64ab82fe4b1ed3fd758717bed735fb9aeaa124143f051af",
                "sha256:68a5d77e440df94011214b7db907ec8f19e439507a70c958f750c18d88f995d2",
                "sha256:69a63f83e88138ab7642d8f61418cf3180a4d8cd13995df87725cb8b893e950e",
                "sha256:6e4183800f16f3679076dfa8abf2db3083919d7e30764a069fb66b2b9eff9939",
                "sha256:6fd8d5903c2e53f49e99359b063df27fdf7acb89a52b6a12494208bf61345a03",
                "sha256:791394449e98243839fa822a637177dd42a95f4883ad3dec2a0ce6ac99fb0a9d",
                "sha256:7a7669ff50f41225ca5d6ee0a1ec8413f3a0d8aa2b109f86d540887b7ec0d72a",
                "sha256:7e9eac1e526386df7c70ef253b792a0a12dd86d833b1d329e038c7a235dfceb5",
                "sha256:7ee8af0b9f7de635c61cdd5b8534b76c52cd03536f29f51151b377f76e214a1a",
                "sha256:8246f30ca34dc712ab07e51dc34fea883c00b7ccb0e614651e49da2c49a30711",
                "sha256:8c88b599e226994ad4db29d93bc149aa1aff3dc3a4355dd5757569ba78632bdf",
                "sha256:923963e989ffbceaa210ac37afc9b906acebe945d2723e9679b643513837b089",
                "sha256:94d55bd03d8671686e3f012577d9caa5421a07286dd351dfef64791cf7c6c505",
                "sha256:97db258793d193c7b62d4e2586c6ed98d51086e93f9a3af2b2034af01450a74b",
                "sha256:a9d6bc8642e2c67db33f1247a77c53476f3a166e09067c0474facb045756087f",
                "sha256:cd11c7e8d21af997ee8079037fff88f16fda188a9776eb4b81c7e4c9c0a7d7fc",
                "sha256:d8d3d4713f0c28bdc6c806a278d998546e8efc3498949e3ace6e117462ac0a5e",
                "sha256:e0bfe9bb028974a481410432dbe1b182e8191d5d40382e5b8ff39cdd2e5c5931",
                "sha256:f4822c0660c3754f1a41a655e37cb4dbbc9be3d35b125a37fab6f82d47674ebc",
                "sha256:f83d281bb2a6217cd806f4cf0ddded436790e66f393e124dfe9731f6b3fb9afe",
                "sha256:fc37870d6716b137e80d19241d0e2cff7a7643b925dfa49b4c8ebd1295eb506e"
            ],
            "version": "==4.6.2"
        },
        "more-itertools": {
            "hashes": [
                "sha256:5652a9ac72209ed7df8d9c15daf4e1aa0e3d2ccd3c87f8265a0673cd9cbc9ced",
                "sha256:c5d6da9ca3ff65220c3bfd2a8db06d698f05d4d2b9be57e1deb2be5a45019713"
            ],
            "version": "==8.7.0"
        },
        "packaging": {
            "hashes": [
                "sha256:5b327ac1320dc863dca72f4514ecc086f31186744b84a230374cc1fd776feae5",
                "sha256:67714da7f7bc052e064859c05c595155bd1ee9f69f76557e21f051443c20947a"
            ],
            "version": "==20.9"
        },
        "pluggy": {
            "hashes": [
                "sha256:15b2acde666561e1298d71b523007ed7364de07029219b604cf808bfa1c765b0",
                "sha256:966c145cd83c96502c3c3868f50408687b38434af77734af1e9ca461a4081d2d"
            ],
            "version": "==0.13.1"
        },
        "py": {
            "hashes": [
                "sha256:21b81bda15b66ef5e1a777a21c4dcd9c20ad3efd0b3f817e7a809035269e1bd3",
                "sha256:3b80836aa6d1feeaa108e046da6423ab8f6ceda6468545ae8d02d9d58d18818a"
            ],
            "version": "==1.10.0"
        },
        "pyparsing": {
            "hashes": [
                "sha256:1c6409312ce2ce2997896af5756753778d5f1603666dba5587804f09ad82ed27",
                "sha256:f4896b4cc085a1f8f8ae53a1a90db5a86b3825ff73eb974dffee3d9e701007f4"
            ],
            "version": "==3.0.0b2"
        },
        "pytest": {
            "hashes": [
                "sha256:0e5b30f5cb04e887b91b1ee519fa3d89049595f428c1db76e73bd7f17b09b172",
                "sha256:84dde37075b8805f3d1f392cc47e38a0e59518fb46a431cfdaf7cf1ce805f970"
            ],
            "index": "pypi",
            "version": "==5.4.1"
        },
        "pytest-django": {
            "hashes": [
                "sha256:64f99d565dd9497af412fcab2989fe40982c1282d4118ff422b407f3f7275ca5",
                "sha256:664e5f42242e5e182519388f01b9f25d824a9feb7cd17d8f863c8d776f38baf9"
            ],
            "index": "pypi",
            "version": "==3.9.0"
        },
        "pytest-factoryboy": {
            "hashes": [
                "sha256:ffef3fb7ddec1299d3df0d334846259023f3d1da5ab887ad880139a8253a5a1a"
            ],
            "index": "pypi",
            "version": "==2.0.3"
        },
        "python-dateutil": {
            "hashes": [
                "sha256:73ebfe9dbf22e832286dafa60473e4cd239f8592f699aa5adaf10050e6e1823c",
                "sha256:75bb3f31ea686f1197762692a9ee6a7550b59fc6ca3a1f4b5d7e32fb98e2da2a"
            ],
            "version": "==2.8.1"
        },
        "six": {
            "hashes": [
                "sha256:30639c035cdb23534cd4aa2dd52c3bf48f06e5f4a941509c8bafd8ce11080259",
                "sha256:8b74bedcbbbaca38ff6d7491d76f2b06b3592611af620f8426e82dddb04a5ced"
            ],
            "version": "==1.15.0"
        },
        "soupsieve": {
            "hashes": [
                "sha256:052774848f448cf19c7e959adf5566904d525f33a3f8b6ba6f6f8f26ec7de0cc",
                "sha256:c2c1c2d44f158cdbddab7824a9af8c4f83c76b1e23e049479aa432feb6c4c23b"
            ],
            "version": "==2.2.1"
        },
        "text-unidecode": {
            "hashes": [
                "sha256:1311f10e8b895935241623731c2ba64f4c455287888b18189350b67134a822e8",
                "sha256:bad6603bb14d279193107714b288be206cac565dfa49aa5b105294dd5c4aab93"
            ],
            "version": "==1.3"
        },
        "toml": {
            "hashes": [
                "sha256:806143ae5bfb6a3c6e736a764057db0e6a0e05e338b5630894a5f779cabb4f9b",
                "sha256:b3bda1d108d5dd99f4a20d24d9c348e91c4db7ab1b749200bded2f839ccbe68f"
            ],
            "version": "==0.10.2"
        },
        "tox": {
            "hashes": [
                "sha256:a4a6689045d93c208d77230853b28058b7513f5123647b67bf012f82fa168303",
                "sha256:b2c4b91c975ea5c11463d9ca00bebf82654439c5df0f614807b9bdec62cc9471"
            ],
            "index": "pypi",
            "version": "==3.14.6"
        },
        "virtualenv": {
            "hashes": [
                "sha256:49ec4eb4c224c6f7dd81bb6d0a28a09ecae5894f4e593c89b0db0885f565a107",
                "sha256:83f95875d382c7abafe06bd2a4cdd1b363e1bb77e02f155ebe8ac082a916b37c"
            ],
            "version": "==20.4.3"
        },
        "wcwidth": {
            "hashes": [
                "sha256:beb4802a9cebb9144e99086eff703a642a13d6a0052920003a230f3294bbe784",
                "sha256:c4d647b99872929fdb7bdcaa4fbe7f01413ed3d98077df798530e5b04f116c83"
            ],
            "version": "==0.2.5"
        },
        "zipp": {
            "hashes": [
                "sha256:3607921face881ba3e026887d8150cca609d517579abe052ac81fc5aeffdbd76",
                "sha256:51cb66cc54621609dd593d1787f286ee42a5c0adbb4b29abea5a63edc3e03098"
            ],
            "markers": "python_version < '3.8'",
            "version": "==3.4.1"
        }
    }
}
